
Microsoft Visual Studio Solution File, Format Version 12.00
# Visual Studio Version 17
VisualStudioVersion = 17.4.33213.308
MinimumVisualStudioVersion = 10.0.40219.1
Project("{FAE04EC0-301F-11D3-BF4B-00C04F79EFBC}") = "kalkulator", "kalkulator.csproj", "{D02DA834-55C6-4426-A286-79416C79418C}"
EndProject
Global
	GlobalSection(SolutionConfigurationPlatforms) = preSolution
		Debug|Any CPU = Debug|Any CPU
		Release|Any CPU = Release|Any CPU
	EndGlobalSection
	GlobalSection(ProjectConfigurationPlatforms) = postSolution
		{D02DA834-55C6-4426-A286-79416C79418C}.Debug|Any CPU.ActiveCfg = Debug|Any CPU
		{D02DA834-55C6-4426-A286-79416C79418C}.Debug|Any CPU.Build.0 = Debug|Any CPU
		{D02DA834-55C6-4426-A286-79416C79418C}.Release|Any CPU.ActiveCfg = Release|Any CPU
		{D02DA834-55C6-4426-A286-79416C79418C}.Release|Any CPU.Build.0 = Release|Any CPU
	EndGlobalSection
	GlobalSection(SolutionProperties) = preSolution
		HideSolutionNode = FALSE
	EndGlobalSection
	GlobalSection(ExtensibilityGlobals) = postSolution
		SolutionGuid = {1041565C-5AEF-4257-997A-5DF8F05BB600}
	EndGlobalSection
EndGlobal
